<?xml version="1.0" encoding="utf-8"?>
<Project ToolsVersion="4.0" xmlns="http://schemas.microsoft.com/developer/msbuild/2003">
  <ItemGroup>
    <Filter Include="Source Files">
      <UniqueIdentifier>{4e759f7b-58ab-4619-af40-598ea51c5b5c}</UniqueIdentifier>
      <Extensions>cpp;c;cc;cxx;c++;def;odl;idl;hpj;bat;asm;asmx;hip;cu</Extensions>
    </Filter>
    <Filter Include="Header Files">
      <UniqueIdentifier>{cc2493d6-cd38-49fa-8305-ee2cc57a2c50}</UniqueIdentifier>
      <Extensions>h;hh;hpp;hxx;h++;hm;inl;inc;ipp;xsd;cuh</Extensions>
    </Filter>
    <Filter Include="Resource Files">
      <UniqueIdentifier>{85faafc5-1b42-4241-b583-bf14c77846c1}</UniqueIdentifier>
      <Extensions>rc;ico;cur;bmp;dlg;rc2;rct;bin;rgs;gif;jpg;jpeg;jpe;resx;tiff;tif;png;wav;mfcribbon-ms</Extensions>
    </Filter>
  </ItemGroup>
  <ItemGroup>
    <ClCompile Include="..\Hybrid_Fluid_Simulation\Demo.hip">
      <Filter>Source Files</Filter>
    </ClCompile>
    <ClCompile Include="..\Hybrid_Fluid_Simulation\sph_arrangement.cu.hip">
      <Filter>Source Files</Filter>
    </ClCompile>
    <ClCompile Include="..\Hybrid_Fluid_Simulation\sph_kernel.cu.hip">
      <Filter>Source Files</Filter>
    </ClCompile>
    <ClCompile Include="..\Hybrid_Fluid_Simulation\sph_particle.cpp.hip">
      <Filter>Source Files</Filter>
    </ClCompile>
    <ClCompile Include="..\Hybrid_Fluid_Simulation\sph_arrangement.cuh.hip">
      <Filter>Header Files</Filter>
    </ClCompile>
    <ClCompile Include="..\Hybrid_Fluid_Simulation\sph_kernel.cuh.hip">
      <Filter>Header Files</Filter>
    </ClCompile>
    <ClCompile Include="..\Hybrid_Fluid_Simulation\sph_particle.h.hip">
      <Filter>Header Files</Filter>
    </ClCompile>
    <ClCompile Include="..\Hybrid_Fluid_Simulation\cuda_prescan\scan.cuh.hip">
      <Filter>Header Files</Filter>
    </ClCompile>
    <ClCompile Include="..\Hybrid_Fluid_Simulation\cuda_prescan\scan.cu.hip">
      <Filter>Source Files</Filter>
    </ClCompile>
    <ClCompile Include="..\Hybrid_Fluid_Simulation\gpu_model.h.hip">
      <Filter>Header Files</Filter>
    </ClCompile>
    <ClCompile Include="..\Hybrid_Fluid_Simulation\gpu_model.cu.hip">
      <Filter>Source Files</Filter>
    </ClCompile>
    <ClCompile Include="..\Hybrid_Fluid_Simulation\gpu_model_reader.h.hip">
      <Filter>Header Files</Filter>
    </ClCompile>
    <ClCompile Include="..\Hybrid_Fluid_Simulation\gpu_model_reader.cpp.hip">
      <Filter>Source Files</Filter>
    </ClCompile>
    <ClCompile Include="..\Hybrid_Fluid_Simulation\NeighborhoodSearchSpatialHashing.cpp">
      <Filter>Source Files</Filter>
    </ClCompile>
  </ItemGroup>
  <ItemGroup>
    <ClInclude Include="..\Hybrid_Fluid_Simulation\NeighborhoodSearchSpatialHashing.h">
      <Filter>Header Files</Filter>
    </ClInclude>
    <ClInclude Include="..\Hybrid_Fluid_Simulation\Hashmap.h">
      <Filter>Header Files</Filter>
    </ClInclude>
  </ItemGroup>
</Project>